
Microsoft Visual Studio Solution File, Format Version 12.00
# Visual Studio Version 16
VisualStudioVersion = 16.0.30002.166
MinimumVisualStudioVersion = 10.0.40219.1
Project("{9A19103F-16F7-4668-BE54-9A1E7A4F7556}") = "Nightwolf.DerEncoder", "Nightwolf.DerEncoder\Nightwolf.DerEncoder.csproj", "{A6AC8318-3831-4579-80AA-9A229102AB2A}"
EndProject
Project("{9A19103F-16F7-4668-BE54-9A1E7A4F7556}") = "Nightwolf.Certificates", "Nightwolf.Certificates\Nightwolf.Certificates.csproj", "{314BD420-8687-4174-88B2-93EB137B4EAF}"
EndProject
Project("{9A19103F-16F7-4668-BE54-9A1E7A4F7556}") = "Nightwolf.Certificates.Tests", "Nightwolf.Certificates.Tests\Nightwolf.Certificates.Tests.csproj", "{C4D3FF11-786A-4D3E-8023-EF21CC819925}"
EndProject
Project("{9A19103F-16F7-4668-BE54-9A1E7A4F7556}") = "CertExamples", "Nightwolf.Scratch\CertExamples.csproj", "{8B296A9F-511F-4185-BB04-21B612DD484D}"
EndProject
Global
	GlobalSection(SolutionConfigurationPlatforms) = preSolution
		Debug|Any CPU = Debug|Any CPU
		Release|Any CPU = Release|Any CPU
	EndGlobalSection
	GlobalSection(ProjectConfigurationPlatforms) = postSolution
		{A6AC8318-3831-4579-80AA-9A229102AB2A}.Debug|Any CPU.ActiveCfg = Debug|Any CPU
		{A6AC8318-3831-4579-80AA-9A229102AB2A}.Debug|Any CPU.Build.0 = Debug|Any CPU
		{A6AC8318-3831-4579-80AA-9A229102AB2A}.Release|Any CPU.ActiveCfg = Release|Any CPU
		{A6AC8318-3831-4579-80AA-9A229102AB2A}.Release|Any CPU.Build.0 = Release|Any CPU
		{314BD420-8687-4174-88B2-93EB137B4EAF}.Debug|Any CPU.ActiveCfg = Debug|Any CPU
		{314BD420-8687-4174-88B2-93EB137B4EAF}.Debug|Any CPU.Build.0 = Debug|Any CPU
		{314BD420-8687-4174-88B2-93EB137B4EAF}.Release|Any CPU.ActiveCfg = Release|Any CPU
		{314BD420-8687-4174-88B2-93EB137B4EAF}.Release|Any CPU.Build.0 = Release|Any CPU
		{C4D3FF11-786A-4D3E-8023-EF21CC819925}.Debug|Any CPU.ActiveCfg = Debug|Any CPU
		{C4D3FF11-786A-4D3E-8023-EF21CC819925}.Debug|Any CPU.Build.0 = Debug|Any CPU
		{C4D3FF11-786A-4D3E-8023-EF21CC819925}.Release|Any CPU.ActiveCfg = Release|Any CPU
		{C4D3FF11-786A-4D3E-8023-EF21CC819925}.Release|Any CPU.Build.0 = Release|Any CPU
		{8B296A9F-511F-4185-BB04-21B612DD484D}.Debug|Any CPU.ActiveCfg = Debug|Any CPU
		{8B296A9F-511F-4185-BB04-21B612DD484D}.Debug|Any CPU.Build.0 = Debug|Any CPU
		{8B296A9F-511F-4185-BB04-21B612DD484D}.Release|Any CPU.ActiveCfg = Release|Any CPU
		{8B296A9F-511F-4185-BB04-21B612DD484D}.Release|Any CPU.Build.0 = Release|Any CPU
	EndGlobalSection
	GlobalSection(SolutionProperties) = preSolution
		HideSolutionNode = FALSE
	EndGlobalSection
	GlobalSection(ExtensibilityGlobals) = postSolution
		SolutionGuid = {D93D6332-945B-4677-9C9E-0A8BA30B052F}
	EndGlobalSection
EndGlobal
